// !$*UTF8*$!
{
	archiveVersion = 1;
	classes = {
	};
	objectVersion = 46;
	objects = {

/* Begin PBXBuildFile section */
		ECB038C21CC4093100482DAE /* AppDelegate.swift in Sources */ = {isa = PBXBuildFile; fileRef = ECB038C11CC4093100482DAE /* AppDelegate.swift */; };
		ECB038C41CC4093100482DAE /* ViewController.swift in Sources */ = {isa = PBXBuildFile; fileRef = ECB038C31CC4093100482DAE /* ViewController.swift */; };
		ECB038C71CC4093100482DAE /* Main.storyboard in Resources */ = {isa = PBXBuildFile; fileRef = ECB038C51CC4093100482DAE /* Main.storyboard */; };
		ECB038C91CC4093100482DAE /* Assets.xcassets in Resources */ = {isa = PBXBuildFile; fileRef = ECB038C81CC4093100482DAE /* Assets.xcassets */; };
		ECB038CC1CC4093100482DAE /* LaunchScreen.storyboard in Resources */ = {isa = PBXBuildFile; fileRef = ECB038CA1CC4093100482DAE /* LaunchScreen.storyboard */; };
/* End PBXBuildFile section */

/* Begin PBXFileReference section */
		ECB038BE1CC4093100482DAE /* pagerthing.app */ = {isa = PBXFileReference; explicitFileType = wrapper.application; includeInIndex = 0; path = pagerthing.app; sourceTree = BUILT_PRODUCTS_DIR; };
		ECB038C11CC4093100482DAE /* AppDelegate.swift */ = {isa = PBXFileReference; lastKnownFileType = sourcecode.swift; path = AppDelegate.swift; sourceTree = "<group>"; };
		ECB038C31CC4093100482DAE /* ViewController.swift */ = {isa = PBXFileReference; lastKnownFileType = sourcecode.swift; path = ViewController.swift; sourceTree = "<group>"; };
		ECB038C61CC4093100482DAE /* Base */ = {isa = PBXFileReference; lastKnownFileType = file.storyboard; name = Base; path = Base.lproj/Main.storyboard; sourceTree = "<group>"; };
		ECB038C81CC4093100482DAE /* Assets.xcassets */ = {isa = PBXFileReference; lastKnownFileType = folder.assetcatalog; path = Assets.xcassets; sourceTree = "<group>"; };
		ECB038CB1CC4093100482DAE /* Base */ = {isa = PBXFileReference; lastKnownFileType = file.storyboard; name = Base; path = Base.lproj/LaunchScreen.storyboard; sourceTree = "<group>"; };
		ECB038CD1CC4093100482DAE /* Info.plist */ = {isa = PBXFileReference; lastKnownFileType = text.plist.xml; path = Info.plist; sourceTree = "<group>"; };
/* End PBXFileReference section */

/* Begin PBXFrameworksBuildPhase section */
		ECB038BB1CC4093100482DAE /* Frameworks */ = {
			isa = PBXFrameworksBuildPhase;
			buildActionMask = 2147483647;
			files = (
			);
			runOnlyForDeploymentPostprocessing = 0;
		};
/* End PBXFrameworksBuildPhase section */

/* Begin PBXGroup section */
		ECB038B51CC4093100482DAE = {
			isa = PBXGroup;
			children = (
				ECB038C01CC4093100482DAE /* pagerthing */,
				ECB038BF1CC4093100482DAE /* Products */,
			);
			sourceTree = "<group>";
		};
		ECB038BF1CC4093100482DAE /* Products */ = {
			isa = PBXGroup;
			children = (
				ECB038BE1CC4093100482DAE /* pagerthing.app */,
			);
			name = Products;
			sourceTree = "<group>";
		};
		ECB038C01CC4093100482DAE /* pagerthing */ = {
			isa = PBXGroup;
			children = (
				ECB038C11CC4093100482DAE /* AppDelegate.swift */,
				ECB038C31CC4093100482DAE /* ViewController.swift */,
				ECB038C51CC4093100482DAE /* Main.storyboard */,
				ECB038C81CC4093100482DAE /* Assets.xcassets */,
				ECB038CA1CC4093100482DAE /* LaunchScreen.storyboard */,
				ECB038CD1CC4093100482DAE /* Info.plist */,
			);
			path = pagerthing;
			sourceTree = "<group>";
		};
/* End PBXGroup section */

/* Begin PBXNativeTarget section */
		ECB038BD1CC4093100482DAE /* pagerthing */ = {
			isa = PBXNativeTarget;
			buildConfigurationList = ECB038D01CC4093100482DAE /* Build configuration list for PBXNativeTarget "pagerthing" */;
			buildPhases = (
				ECB038BA1CC4093100482DAE /* Sources */,
				ECB038BB1CC4093100482DAE /* Frameworks */,
				ECB038BC1CC4093100482DAE /* Resources */,
			);
			buildRules = (
			);
			dependencies = (
			);
			name = pagerthing;
			productName = pagerthing;
			productReference = ECB038BE1CC4093100482DAE /* pagerthing.app */;
			productType = "com.apple.product-type.application";
		};
/* End PBXNativeTarget section */

/* Begin PBXProject section */
		ECB038B61CC4093100482DAE /* Project object */ = {
			isa = PBXProject;
			attributes = {
				LastSwiftUpdateCheck = 0730;
				LastUpgradeCheck = 0730;
				ORGANIZATIONNAME = "Pasquale D'Silva";
				TargetAttributes = {
					ECB038BD1CC4093100482DAE = {
						CreatedOnToolsVersion = 7.3;
						DevelopmentTeam = 5K8383ZJAR;
					};
				};
			};
			buildConfigurationList = ECB038B91CC4093100482DAE /* Build configuration list for PBXProject "pagerthing" */;
			compatibilityVersion = "Xcode 3.2";
			developmentRegion = English;
			hasScannedForEncodings = 0;
			knownRegions = (
				en,
				Base,
			);
			mainGroup = ECB038B51CC4093100482DAE;
			productRefGroup = ECB038BF1CC4093100482DAE /* Products */;
			projectDirPath = "";
			projectRoot = "";
			targets = (
				ECB038BD1CC4093100482DAE /* pagerthing */,
			);
		};
/* End PBXProject section */

/* Begin PBXResourcesBuildPhase section */
		ECB038BC1CC4093100482DAE /* Resources */ = {
			isa = PBXResourcesBuildPhase;
			buildActionMask = 2147483647;
			files = (
				ECB038CC1CC4093100482DAE /* LaunchScreen.storyboard in Resources */,
				ECB038C91CC4093100482DAE /* Assets.xcassets in Resources */,
				ECB038C71CC4093100482DAE /* Main.storyboard in Resources */,
			);
			runOnlyForDeploymentPostprocessing = 0;
		};
/* End PBXResourcesBuildPhase section */

/* Begin PBXSourcesBuildPhase section */
		ECB038BA1CC4093100482DAE /* Sources */ = {
			isa = PBXSourcesBuildPhase;
			buildActionMask = 2147483647;
			files = (
				ECB038C41CC4093100482DAE /* ViewController.swift in Sources */,
				ECB038C21CC4093100482DAE /* AppDelegate.swift in Sources */,
			);
			runOnlyForDeploymentPostprocessing = 0;
		};
/* End PBXSourcesBuildPhase section */

/* Begin PBXVariantGroup section */
		ECB038C51CC4093100482DAE /* Main.storyboard */ = {
			isa = PBXVariantGroup;
			children = (
				ECB038C61CC4093100482DAE /* Base */,
			);
			name = Main.storyboard;
			sourceTree = "<group>";
		};
		ECB038CA1CC4093100482DAE /* LaunchScreen.storyboard */ = {
			isa = PBXVariantGroup;
			children = (
				ECB038CB1CC4093100482DAE /* Base */,
			);
			name = LaunchScreen.storyboard;
			sourceTree = "<group>";
		};
/* End PBXVariantGroup section */

/* Begin XCBuildConfiguration section */
		ECB038CE1CC4093100482DAE /* Debug */ = {
			isa = XCBuildConfiguration;
			buildSettings = {
				ALWAYS_SEARCH_USER_PATHS = NO;
				CLANG_ANALYZER_NONNULL = YES;
				CLANG_CXX_LANGUAGE_STANDARD = "gnu++0x";
				CLANG_CXX_LIBRARY = "libc++";
				CLANG_ENABLE_MODULES = YES;
				CLANG_ENABLE_OBJC_ARC = YES;
				CLANG_WARN_BOOL_CONVERSION = YES;
				CLANG_WARN_CONSTANT_CONVERSION = YES;
				CLANG_WARN_DIRECT_OBJC_ISA_USAGE = YES_ERROR;
				CLANG_WARN_EMPTY_BODY = YES;
				CLANG_WARN_ENUM_CONVERSION = YES;
				CLANG_WARN_INT_CONVERSION = YES;
				CLANG_WARN_OBJC_ROOT_CLASS = YES_ERROR;
				CLANG_WARN_UNREACHABLE_CODE = YES;
				CLANG_WARN__DUPLICATE_METHOD_MATCH = YES;
				"CODE_SIGN_IDENTITY[sdk=iphoneos*]" = "iPhone Developer";
				COPY_PHASE_STRIP = NO;
				DEBUG_INFORMATION_FORMAT = dwarf;
				ENABLE_STRICT_OBJC_MSGSEND = YES;
				ENABLE_TESTABILITY = YES;
				GCC_C_LANGUAGE_STANDARD = gnu99;
				GCC_DYNAMIC_NO_PIC = NO;
				GCC_NO_COMMON_BLOCKS = YES;
				GCC_OPTIMIZATION_LEVEL = 0;
				GCC_PREPROCESSOR_DEFINITIONS = (
					"DEBUG=1",
					"$(inherited)",
				);
				GCC_WARN_64_TO_32_BIT_CONVERSION = YES;
				GCC_WARN_ABOUT_RETURN_TYPE = YES_ERROR;
				GCC_WARN_UNDECLARED_SELECTOR = YES;
				GCC_WARN_UNINITIALIZED_AUTOS = YES_AGGRESSIVE;
				GCC_WARN_UNUSED_FUNCTION = YES;
				GCC_WARN_UNUSED_VARIABLE = YES;
				IPHONEOS_DEPLOYMENT_TARGET = 9.3;
				MTL_ENABLE_DEBUG_INFO = YES;
				ONLY_ACTIVE_ARCH = YES;
				SDKROOT = iphoneos;
				SWIFT_OPTIMIZATION_LEVEL = "-Onone";
			};
			name = Debug;
		};
		ECB038CF1CC4093100482DAE /* Release */ = {
			isa = XCBuildConfiguration;
			buildSettings = {
				ALWAYS_SEARCH_USER_PATHS = NO;
				CLANG_ANALYZER_NONNULL = YES;
				CLANG_CXX_LANGUAGE_STANDARD = "gnu++0x";
				CLANG_CXX_LIBRARY = "libc++";
				CLANG_ENABLE_MODULES = YES;
				CLANG_ENABLE_OBJC_ARC = YES;
				CLANG_WARN_BOOL_CONVERSION = YES;
				CLANG_WARN_CONSTANT_CONVERSION = YES;
				CLANG_WARN_DIRECT_OBJC_ISA_USAGE = YES_ERROR;
				CLANG_WARN_EMPTY_BODY = YES;
				CLANG_WARN_ENUM_CONVERSION = YES;
				CLANG_WARN_INT_CONVERSION = YES;
				CLANG_WARN_OBJC_ROOT_CLASS = YES_ERROR;
				CLANG_WARN_UNREACHABLE_CODE = YES;
				CLANG_WARN__DUPLICATE_METHOD_MATCH = YES;
				"CODE_SIGN_IDENTITY[sdk=iphoneos*]" = "iPhone Developer";
				COPY_PHASE_STRIP = NO;
				DEBUG_INFORMATION_FORMAT = "dwarf-with-dsym";
				ENABLE_NS_ASSERTIONS = NO;
				ENABLE_STRICT_OBJC_MSGSEND = YES;
				GCC_C_LANGUAGE_STANDARD = gnu99;
				GCC_NO_COMMON_BLOCKS = YES;
				GCC_WARN_64_TO_32_BIT_CONVERSION = YES;
				GCC_WARN_ABOUT_RETURN_TYPE = YES_ERROR;
				GCC_WARN_UNDECLARED_SELECTOR = YES;
				GCC_WARN_UNINITIALIZED_AUTOS = YES_AGGRESSIVE;
				GCC_WARN_UNUSED_FUNCTION = YES;
				GCC_WARN_UNUSED_VARIABLE = YES;
				IPHONEOS_DEPLOYMENT_TARGET = 9.3;
				MTL_ENABLE_DEBUG_INFO = NO;
				SDKROOT = iphoneos;
				VALIDATE_PRODUCT = YES;
			};
			name = Release;
		};
		ECB038D11CC4093100482DAE /* Debug */ = {
			isa = XCBuildConfiguration;
			buildSettings = {
				ASSETCATALOG_COMPILER_APPICON_NAME = AppIcon;
				INFOPLIST_FILE = pagerthing/Info.plist;
				LD_RUNPATH_SEARCH_PATHS = "$(inherited) @executable_path/Frameworks";
				PRODUCT_BUNDLE_IDENTIFIER = cool.pasquale.pagerthing;
				PRODUCT_NAME = "$(TARGET_NAME)";
			};
			name = Debug;
		};
		ECB038D21CC4093100482DAE /* Release */ = {
			isa = XCBuildConfiguration;
			buildSettings = {
				ASSETCATALOG_COMPILER_APPICON_NAME = AppIcon;
				INFOPLIST_FILE = pagerthing/Info.plist;
				LD_RUNPATH_SEARCH_PATHS = "$(inherited) @executable_path/Frameworks";
				PRODUCT_BUNDLE_IDENTIFIER = cool.pasquale.pagerthing;
				PRODUCT_NAME = "$(TARGET_NAME)";
			};
			name = Release;
		};
/* End XCBuildConfiguration section */

/* Begin XCConfigurationList section */
		ECB038B91CC4093100482DAE /* Build configuration list for PBXProject "pagerthing" */ = {
			isa = XCConfigurationList;
			buildConfigurations = (
				ECB038CE1CC4093100482DAE /* Debug */,
				ECB038CF1CC4093100482DAE /* Release */,
			);
			defaultConfigurationIsVisible = 0;
			defaultConfigurationName = Release;
		};
		ECB038D01CC4093100482DAE /* Build configuration list for PBXNativeTarget "pagerthing" */ = {
			isa = XCConfigurationList;
			buildConfigurations = (
				ECB038D11CC4093100482DAE /* Debug */,
				ECB038D21CC4093100482DAE /* Release */,
			);
			defaultConfigurationIsVisible = 0;
		};
/* End XCConfigurationList section */
	};
	rootObject = ECB038B61CC4093100482DAE /* Project object */;
}
